
Microsoft Visual Studio Solution File, Format Version 12.00
# Visual Studio 14
VisualStudioVersion = 14.0.25420.1
MinimumVisualStudioVersion = 10.0.40219.1
Project("{2150E333-8FDC-42A3-9474-1A3956D46DE8}") = "0 - Entidades", "0 - Entidades", "{5647010B-B19C-4751-9F14-6F7CFDCF27E6}"
EndProject
Project("{2150E333-8FDC-42A3-9474-1A3956D46DE8}") = "1 - Sistema", "1 - Sistema", "{30BECE7D-BD6B-4174-A7D5-9F053DCD25FE}"
EndProject
Project("{2150E333-8FDC-42A3-9474-1A3956D46DE8}") = "1.1 - Apresentação", "1.1 - Apresentação", "{F08560A7-1858-488A-80D9-56FCCC644B0A}"
EndProject
Project("{2150E333-8FDC-42A3-9474-1A3956D46DE8}") = "1.2 - DAL", "1.2 - DAL", "{EABEA36F-DC39-494C-BE04-C4AB9D3158C2}"
EndProject
Project("{2150E333-8FDC-42A3-9474-1A3956D46DE8}") = "1.3 - Util", "1.3 - Util", "{99AFB3E5-BD7D-4973-9452-4A7F99B49E02}"
EndProject
Project("{FAE04EC0-301F-11D3-BF4B-00C04F79EFBC}") = "Projeto.Entidades", "Projeto.Entidades\Projeto.Entidades.csproj", "{BD99F6DB-301B-4937-98E0-9C6976CB5848}"
EndProject
Project("{FAE04EC0-301F-11D3-BF4B-00C04F79EFBC}") = "Projeto.WEB", "Projeto.WEB\Projeto.WEB.csproj", "{C9389824-F3C0-4A01-97D4-27E43FAF1689}"
EndProject
Project("{FAE04EC0-301F-11D3-BF4B-00C04F79EFBC}") = "Projeto.DAL", "Projeto.DAL\Projeto.DAL.csproj", "{0A99BC59-E846-4D59-8A96-DDBBD9C7A7F9}"
EndProject
Project("{FAE04EC0-301F-11D3-BF4B-00C04F79EFBC}") = "Projeto.Util", "Projeto.Util\Projeto.Util.csproj", "{417FF994-BFFD-4DAF-81FB-3557C8BA45A5}"
EndProject
Global
	GlobalSection(SolutionConfigurationPlatforms) = preSolution
		Debug|Any CPU = Debug|Any CPU
		Release|Any CPU = Release|Any CPU
	EndGlobalSection
	GlobalSection(ProjectConfigurationPlatforms) = postSolution
		{BD99F6DB-301B-4937-98E0-9C6976CB5848}.Debug|Any CPU.ActiveCfg = Debug|Any CPU
		{BD99F6DB-301B-4937-98E0-9C6976CB5848}.Debug|Any CPU.Build.0 = Debug|Any CPU
		{BD99F6DB-301B-4937-98E0-9C6976CB5848}.Release|Any CPU.ActiveCfg = Release|Any CPU
		{BD99F6DB-301B-4937-98E0-9C6976CB5848}.Release|Any CPU.Build.0 = Release|Any CPU
		{C9389824-F3C0-4A01-97D4-27E43FAF1689}.Debug|Any CPU.ActiveCfg = Debug|Any CPU
		{C9389824-F3C0-4A01-97D4-27E43FAF1689}.Debug|Any CPU.Build.0 = Debug|Any CPU
		{C9389824-F3C0-4A01-97D4-27E43FAF1689}.Release|Any CPU.ActiveCfg = Release|Any CPU
		{C9389824-F3C0-4A01-97D4-27E43FAF1689}.Release|Any CPU.Build.0 = Release|Any CPU
		{0A99BC59-E846-4D59-8A96-DDBBD9C7A7F9}.Debug|Any CPU.ActiveCfg = Debug|Any CPU
		{0A99BC59-E846-4D59-8A96-DDBBD9C7A7F9}.Debug|Any CPU.Build.0 = Debug|Any CPU
		{0A99BC59-E846-4D59-8A96-DDBBD9C7A7F9}.Release|Any CPU.ActiveCfg = Release|Any CPU
		{0A99BC59-E846-4D59-8A96-DDBBD9C7A7F9}.Release|Any CPU.Build.0 = Release|Any CPU
		{417FF994-BFFD-4DAF-81FB-3557C8BA45A5}.Debug|Any CPU.ActiveCfg = Debug|Any CPU
		{417FF994-BFFD-4DAF-81FB-3557C8BA45A5}.Debug|Any CPU.Build.0 = Debug|Any CPU
		{417FF994-BFFD-4DAF-81FB-3557C8BA45A5}.Release|Any CPU.ActiveCfg = Release|Any CPU
		{417FF994-BFFD-4DAF-81FB-3557C8BA45A5}.Release|Any CPU.Build.0 = Release|Any CPU
	EndGlobalSection
	GlobalSection(SolutionProperties) = preSolution
		HideSolutionNode = FALSE
	EndGlobalSection
	GlobalSection(NestedProjects) = preSolution
		{F08560A7-1858-488A-80D9-56FCCC644B0A} = {30BECE7D-BD6B-4174-A7D5-9F053DCD25FE}
		{EABEA36F-DC39-494C-BE04-C4AB9D3158C2} = {30BECE7D-BD6B-4174-A7D5-9F053DCD25FE}
		{99AFB3E5-BD7D-4973-9452-4A7F99B49E02} = {30BECE7D-BD6B-4174-A7D5-9F053DCD25FE}
		{BD99F6DB-301B-4937-98E0-9C6976CB5848} = {5647010B-B19C-4751-9F14-6F7CFDCF27E6}
		{C9389824-F3C0-4A01-97D4-27E43FAF1689} = {F08560A7-1858-488A-80D9-56FCCC644B0A}
		{0A99BC59-E846-4D59-8A96-DDBBD9C7A7F9} = {EABEA36F-DC39-494C-BE04-C4AB9D3158C2}
		{417FF994-BFFD-4DAF-81FB-3557C8BA45A5} = {99AFB3E5-BD7D-4973-9452-4A7F99B49E02}
	EndGlobalSection
EndGlobal
